{
  "version": 1,
  "dependencies": {
    "net10.0-windows7.0": {
      "Hardcodet.NotifyIcon.Wpf": {
        "type": "Direct",
        "requested": "[2.0.1, )",
        "resolved": "2.0.1",
        "contentHash": "dtxmeZXzV2GzSm91aZ3hqzgoeVoARSkDPVCYfhVUNyyKBWYxMgNC0EcLiSYxD4Uc4alq/2qb3SmV8DgAENLRLQ=="
      },
      "WPF-UI": {
        "type": "Direct",
        "requested": "[3.0.4, )",
        "resolved": "3.0.4",
        "contentHash": "Jbt8nJ4MSC/WBhqx6iXOW06Rt2UUNVxA8+23AOSM63jlOIhU6e6P4BIw8rL/UnRPycOdA2vntYl5i7k53E0AGg=="
      }
    },
    "net10.0-windows7.0/win-x64": {}
  }
}